
Microsoft Visual Studio Solution File, Format Version 12.00
# Visual Studio Version 17
VisualStudioVersion = 17.12.35527.113
MinimumVisualStudioVersion = 10.0.40219.1
Project("{2150E333-8FDC-42A3-9474-1A3956D46DE8}") = "Services", "Services", "{3DDDEAA0-1F07-45AA-BB53-0A719D9408D0}"
EndProject
Project("{2150E333-8FDC-42A3-9474-1A3956D46DE8}") = "Catalog", "Catalog", "{934D80D6-27FD-4B52-B413-87362678DDE6}"
EndProject
Project("{FAE04EC0-301F-11D3-BF4B-00C04F79EFBC}") = "Catalog.API", "Services\Catalog\Catalog.API\Catalog.API.csproj", "{BAA2A007-3588-4B9B-8B98-3D4FCBFADF71}"
EndProject
Project("{2150E333-8FDC-42A3-9474-1A3956D46DE8}") = "BuildingBlocks", "BuildingBlocks", "{C4D1C3F9-EC4B-49A6-89ED-E49842B79211}"
EndProject
Project("{FAE04EC0-301F-11D3-BF4B-00C04F79EFBC}") = "BuildingBlocks", "BuildingBlocks\BuildingBlocks\BuildingBlocks.csproj", "{D7C188A8-F82A-48D1-B0B2-A621E3868875}"
EndProject
Project("{E53339B2-1760-4266-BCC7-CA923CBCF16C}") = "docker-compose", "docker-compose.dcproj", "{81DDED9D-158B-E303-5F62-77A2896D2A5A}"
EndProject
Project("{2150E333-8FDC-42A3-9474-1A3956D46DE8}") = "Basket", "Basket", "{02EA681E-C7D8-13C7-8484-4AC65E1B71E8}"
EndProject
Project("{FAE04EC0-301F-11D3-BF4B-00C04F79EFBC}") = "Basket.API", "Services\Basket\Basket.API\Basket.API.csproj", "{246E8A96-BB87-4626-B05E-A40679B426B9}"
EndProject
Project("{2150E333-8FDC-42A3-9474-1A3956D46DE8}") = "Discount", "Discount", "{F272D4DB-9375-459A-A4ED-8BD5250D82D0}"
EndProject
Project("{FAE04EC0-301F-11D3-BF4B-00C04F79EFBC}") = "Discount.Grpc", "Services\Discount\Discount.Grpc\Discount.Grpc.csproj", "{56AEA722-830D-4E72-8534-2A32B7095BA2}"
EndProject
Project("{2150E333-8FDC-42A3-9474-1A3956D46DE8}") = "Ordering", "Ordering", "{E515CE41-7331-493A-86C1-BE21A939DB16}"
EndProject
Project("{FAE04EC0-301F-11D3-BF4B-00C04F79EFBC}") = "Ordering.API", "Services\Ordering\Ordering.API\Ordering.API.csproj", "{0E09DC9E-1E22-4BD1-8133-1FD88B1E8E0D}"
EndProject
Project("{FAE04EC0-301F-11D3-BF4B-00C04F79EFBC}") = "Ordering.Domain", "Services\Ordering\Ordering.Domain\Ordering.Domain.csproj", "{0690784C-15DB-4CD5-A662-E95BFC840C4C}"
EndProject
Project("{FAE04EC0-301F-11D3-BF4B-00C04F79EFBC}") = "Ordering.Application", "Services\Ordering\Ordering.Application\Ordering.Application.csproj", "{F73D61A1-11DE-4A96-9CAF-C023345C0AC8}"
EndProject
Project("{FAE04EC0-301F-11D3-BF4B-00C04F79EFBC}") = "Ordering.Infrastructure", "Services\Ordering\Ordering.Infrastructure\Ordering.Infrastructure.csproj", "{0B8AE858-7C56-4A1E-89E2-E2517DDAF852}"
EndProject
Project("{FAE04EC0-301F-11D3-BF4B-00C04F79EFBC}") = "BuildingBlocks.Messaging", "BuildingBlocks\BuildingBlocks.Messaging\BuildingBlocks.Messaging.csproj", "{504F2841-F8E0-472C-8FE3-05F5B5009E78}"
EndProject
Global
	GlobalSection(SolutionConfigurationPlatforms) = preSolution
		Debug|Any CPU = Debug|Any CPU
		Release|Any CPU = Release|Any CPU
	EndGlobalSection
	GlobalSection(ProjectConfigurationPlatforms) = postSolution
		{BAA2A007-3588-4B9B-8B98-3D4FCBFADF71}.Debug|Any CPU.ActiveCfg = Debug|Any CPU
		{BAA2A007-3588-4B9B-8B98-3D4FCBFADF71}.Debug|Any CPU.Build.0 = Debug|Any CPU
		{BAA2A007-3588-4B9B-8B98-3D4FCBFADF71}.Release|Any CPU.ActiveCfg = Release|Any CPU
		{BAA2A007-3588-4B9B-8B98-3D4FCBFADF71}.Release|Any CPU.Build.0 = Release|Any CPU
		{D7C188A8-F82A-48D1-B0B2-A621E3868875}.Debug|Any CPU.ActiveCfg = Debug|Any CPU
		{D7C188A8-F82A-48D1-B0B2-A621E3868875}.Debug|Any CPU.Build.0 = Debug|Any CPU
		{D7C188A8-F82A-48D1-B0B2-A621E3868875}.Release|Any CPU.ActiveCfg = Release|Any CPU
		{D7C188A8-F82A-48D1-B0B2-A621E3868875}.Release|Any CPU.Build.0 = Release|Any CPU
		{81DDED9D-158B-E303-5F62-77A2896D2A5A}.Debug|Any CPU.ActiveCfg = Debug|Any CPU
		{81DDED9D-158B-E303-5F62-77A2896D2A5A}.Debug|Any CPU.Build.0 = Debug|Any CPU
		{81DDED9D-158B-E303-5F62-77A2896D2A5A}.Release|Any CPU.ActiveCfg = Release|Any CPU
		{81DDED9D-158B-E303-5F62-77A2896D2A5A}.Release|Any CPU.Build.0 = Release|Any CPU
		{246E8A96-BB87-4626-B05E-A40679B426B9}.Debug|Any CPU.ActiveCfg = Debug|Any CPU
		{246E8A96-BB87-4626-B05E-A40679B426B9}.Debug|Any CPU.Build.0 = Debug|Any CPU
		{246E8A96-BB87-4626-B05E-A40679B426B9}.Release|Any CPU.ActiveCfg = Release|Any CPU
		{246E8A96-BB87-4626-B05E-A40679B426B9}.Release|Any CPU.Build.0 = Release|Any CPU
		{56AEA722-830D-4E72-8534-2A32B7095BA2}.Debug|Any CPU.ActiveCfg = Debug|Any CPU
		{56AEA722-830D-4E72-8534-2A32B7095BA2}.Debug|Any CPU.Build.0 = Debug|Any CPU
		{56AEA722-830D-4E72-8534-2A32B7095BA2}.Release|Any CPU.ActiveCfg = Release|Any CPU
		{56AEA722-830D-4E72-8534-2A32B7095BA2}.Release|Any CPU.Build.0 = Release|Any CPU
		{0E09DC9E-1E22-4BD1-8133-1FD88B1E8E0D}.Debug|Any CPU.ActiveCfg = Debug|Any CPU
		{0E09DC9E-1E22-4BD1-8133-1FD88B1E8E0D}.Debug|Any CPU.Build.0 = Debug|Any CPU
		{0E09DC9E-1E22-4BD1-8133-1FD88B1E8E0D}.Release|Any CPU.ActiveCfg = Release|Any CPU
		{0E09DC9E-1E22-4BD1-8133-1FD88B1E8E0D}.Release|Any CPU.Build.0 = Release|Any CPU
		{0690784C-15DB-4CD5-A662-E95BFC840C4C}.Debug|Any CPU.ActiveCfg = Debug|Any CPU
		{0690784C-15DB-4CD5-A662-E95BFC840C4C}.Debug|Any CPU.Build.0 = Debug|Any CPU
		{0690784C-15DB-4CD5-A662-E95BFC840C4C}.Release|Any CPU.ActiveCfg = Release|Any CPU
		{0690784C-15DB-4CD5-A662-E95BFC840C4C}.Release|Any CPU.Build.0 = Release|Any CPU
		{F73D61A1-11DE-4A96-9CAF-C023345C0AC8}.Debug|Any CPU.ActiveCfg = Debug|Any CPU
		{F73D61A1-11DE-4A96-9CAF-C023345C0AC8}.Debug|Any CPU.Build.0 = Debug|Any CPU
		{F73D61A1-11DE-4A96-9CAF-C023345C0AC8}.Release|Any CPU.ActiveCfg = Release|Any CPU
		{F73D61A1-11DE-4A96-9CAF-C023345C0AC8}.Release|Any CPU.Build.0 = Release|Any CPU
		{0B8AE858-7C56-4A1E-89E2-E2517DDAF852}.Debug|Any CPU.ActiveCfg = Debug|Any CPU
		{0B8AE858-7C56-4A1E-89E2-E2517DDAF852}.Debug|Any CPU.Build.0 = Debug|Any CPU
		{0B8AE858-7C56-4A1E-89E2-E2517DDAF852}.Release|Any CPU.ActiveCfg = Release|Any CPU
		{0B8AE858-7C56-4A1E-89E2-E2517DDAF852}.Release|Any CPU.Build.0 = Release|Any CPU
		{504F2841-F8E0-472C-8FE3-05F5B5009E78}.Debug|Any CPU.ActiveCfg = Debug|Any CPU
		{504F2841-F8E0-472C-8FE3-05F5B5009E78}.Debug|Any CPU.Build.0 = Debug|Any CPU
		{504F2841-F8E0-472C-8FE3-05F5B5009E78}.Release|Any CPU.ActiveCfg = Release|Any CPU
		{504F2841-F8E0-472C-8FE3-05F5B5009E78}.Release|Any CPU.Build.0 = Release|Any CPU
	EndGlobalSection
	GlobalSection(SolutionProperties) = preSolution
		HideSolutionNode = FALSE
	EndGlobalSection
	GlobalSection(NestedProjects) = preSolution
		{934D80D6-27FD-4B52-B413-87362678DDE6} = {3DDDEAA0-1F07-45AA-BB53-0A719D9408D0}
		{BAA2A007-3588-4B9B-8B98-3D4FCBFADF71} = {934D80D6-27FD-4B52-B413-87362678DDE6}
		{D7C188A8-F82A-48D1-B0B2-A621E3868875} = {C4D1C3F9-EC4B-49A6-89ED-E49842B79211}
		{02EA681E-C7D8-13C7-8484-4AC65E1B71E8} = {3DDDEAA0-1F07-45AA-BB53-0A719D9408D0}
		{246E8A96-BB87-4626-B05E-A40679B426B9} = {02EA681E-C7D8-13C7-8484-4AC65E1B71E8}
		{F272D4DB-9375-459A-A4ED-8BD5250D82D0} = {3DDDEAA0-1F07-45AA-BB53-0A719D9408D0}
		{56AEA722-830D-4E72-8534-2A32B7095BA2} = {F272D4DB-9375-459A-A4ED-8BD5250D82D0}
		{E515CE41-7331-493A-86C1-BE21A939DB16} = {3DDDEAA0-1F07-45AA-BB53-0A719D9408D0}
		{0E09DC9E-1E22-4BD1-8133-1FD88B1E8E0D} = {E515CE41-7331-493A-86C1-BE21A939DB16}
		{0690784C-15DB-4CD5-A662-E95BFC840C4C} = {E515CE41-7331-493A-86C1-BE21A939DB16}
		{F73D61A1-11DE-4A96-9CAF-C023345C0AC8} = {E515CE41-7331-493A-86C1-BE21A939DB16}
		{0B8AE858-7C56-4A1E-89E2-E2517DDAF852} = {E515CE41-7331-493A-86C1-BE21A939DB16}
		{504F2841-F8E0-472C-8FE3-05F5B5009E78} = {C4D1C3F9-EC4B-49A6-89ED-E49842B79211}
	EndGlobalSection
	GlobalSection(ExtensibilityGlobals) = postSolution
		SolutionGuid = {1F08FFB4-323A-430A-A079-B88D3B4A7EFC}
	EndGlobalSection
EndGlobal
